# This file is autogenerated, do not edit; changes may be undone by the next 'dep ensure'.


[[projects]]
  name = "github.com/gomodule/redigo"
  packages = [
    "internal",
    "redis"
  ]
  revision = "9c11da706d9b7902c6da69c592f75637793fe121"
  version = "v2.0.0"

[[projects]]
  branch = "master"
  name = "github.com/stvp/tempredis"
  packages = ["."]
  revision = "83f7aae7ea49481923f5bf6ff829cbaa93316787"

[solve-meta]
  analyzer-name = "dep"
  analyzer-version = 1
  inputs-digest = "a43d88b35b4a4f67b1730c5e2f3012aee8fff0850fee8c36f1f004dbfcbf1729"
  solver-name = "gps-cdcl"
  solver-version = 1
